
Microsoft Visual Studio Solution File, Format Version 12.00
# Visual Studio Version 17
VisualStudioVersion = 17.2.32630.192
MinimumVisualStudioVersion = 10.0.40219.1
Project("{9A19103F-16F7-4668-BE54-9A1E7A4F7556}") = "Playground", "Playground\Playground.csproj", "{91C3BF6C-F24E-4981-A22F-8C2B9CC3E350}"
EndProject
Project("{2150E333-8FDC-42A3-9474-1A3956D46DE8}") = "Projektmappenelemente", "Projektmappenelemente", "{DF5FC5EB-AF9E-4C70-A8B5-8609453CC05B}"
	ProjectSection(SolutionItems) = preProject
		..\..\README.md = ..\..\README.md
	EndProjectSection
EndProject
Global
	GlobalSection(SolutionConfigurationPlatforms) = preSolution
		Debug|Any CPU = Debug|Any CPU
		Release|Any CPU = Release|Any CPU
	EndGlobalSection
	GlobalSection(ProjectConfigurationPlatforms) = postSolution
		{91C3BF6C-F24E-4981-A22F-8C2B9CC3E350}.Debug|Any CPU.ActiveCfg = Debug|Any CPU
		{91C3BF6C-F24E-4981-A22F-8C2B9CC3E350}.Debug|Any CPU.Build.0 = Debug|Any CPU
		{91C3BF6C-F24E-4981-A22F-8C2B9CC3E350}.Release|Any CPU.ActiveCfg = Release|Any CPU
		{91C3BF6C-F24E-4981-A22F-8C2B9CC3E350}.Release|Any CPU.Build.0 = Release|Any CPU
	EndGlobalSection
	GlobalSection(SolutionProperties) = preSolution
		HideSolutionNode = FALSE
	EndGlobalSection
	GlobalSection(ExtensibilityGlobals) = postSolution
		SolutionGuid = {BBFA239C-C3D6-4642-9ED0-AFE6C5AC3AA3}
	EndGlobalSection
EndGlobal
